
Microsoft Visual Studio Solution File, Format Version 12.00
Project("{FAE04EC0-301F-11D3-BF4B-00C04F79EFBC}") = "rsademo", "rsademo\rsademo.csproj", "{AB4E8DA5-D759-4A24-A511-73AE6E8959EC}"
EndProject
Global
	GlobalSection(SolutionConfigurationPlatforms) = preSolution
		Debug|Any CPU = Debug|Any CPU
		Release|Any CPU = Release|Any CPU
	EndGlobalSection
	GlobalSection(ProjectConfigurationPlatforms) = postSolution
		{AB4E8DA5-D759-4A24-A511-73AE6E8959EC}.Debug|Any CPU.ActiveCfg = Debug|Any CPU
		{AB4E8DA5-D759-4A24-A511-73AE6E8959EC}.Debug|Any CPU.Build.0 = Debug|Any CPU
		{AB4E8DA5-D759-4A24-A511-73AE6E8959EC}.Release|Any CPU.ActiveCfg = Release|Any CPU
		{AB4E8DA5-D759-4A24-A511-73AE6E8959EC}.Release|Any CPU.Build.0 = Release|Any CPU
	EndGlobalSection
EndGlobal
